
Microsoft Visual Studio Solution File, Format Version 12.00
# Visual Studio Version 16
VisualStudioVersion = 16.0.31402.337
MinimumVisualStudioVersion = 10.0.40219.1
Project("{FAE04EC0-301F-11D3-BF4B-00C04F79EFBC}") = "Chess", "Chess\Chess.csproj", "{18A91162-21E7-4D0F-AE7D-8FF71C4E0BDB}"
EndProject
Global
	GlobalSection(SolutionConfigurationPlatforms) = preSolution
		Debug|Any CPU = Debug|Any CPU
		Release|Any CPU = Release|Any CPU
	EndGlobalSection
	GlobalSection(ProjectConfigurationPlatforms) = postSolution
		{18A91162-21E7-4D0F-AE7D-8FF71C4E0BDB}.Debug|Any CPU.ActiveCfg = Debug|Any CPU
		{18A91162-21E7-4D0F-AE7D-8FF71C4E0BDB}.Debug|Any CPU.Build.0 = Debug|Any CPU
		{18A91162-21E7-4D0F-AE7D-8FF71C4E0BDB}.Release|Any CPU.ActiveCfg = Release|Any CPU
		{18A91162-21E7-4D0F-AE7D-8FF71C4E0BDB}.Release|Any CPU.Build.0 = Release|Any CPU
	EndGlobalSection
	GlobalSection(SolutionProperties) = preSolution
		HideSolutionNode = FALSE
	EndGlobalSection
	GlobalSection(ExtensibilityGlobals) = postSolution
		SolutionGuid = {9DE2D044-098E-4719-9AD9-70000B7DDC00}
	EndGlobalSection
EndGlobal
